// !$*UTF8*$!
{
	archiveVersion = 1;
	classes = {
	};
	objectVersion = 54;
	objects = {

/* Begin PBXBuildFile section */
		0822FE8825E00C98002E0C57 /* SearchViewController.swift in Sources */ = {isa = PBXBuildFile; fileRef = 0822FE8725E00C98002E0C57 /* SearchViewController.swift */; };
		08A228D925E067D5008B4A64 /* Localizable.strings in Resources */ = {isa = PBXBuildFile; fileRef = 08A228DB25E067D5008B4A64 /* Localizable.strings */; };
		08A228E525E06947008B4A64 /* LocalizeMethod.swift in Sources */ = {isa = PBXBuildFile; fileRef = 08A228E425E06947008B4A64 /* LocalizeMethod.swift */; };
		08A228ED25E06B0E008B4A64 /* Constants.swift in Sources */ = {isa = PBXBuildFile; fileRef = 08A228EC25E06B0E008B4A64 /* Constants.swift */; };
		08A2291F25E07540008B4A64 /* Main.storyboard in Resources */ = {isa = PBXBuildFile; fileRef = 08A2292125E07540008B4A64 /* Main.storyboard */; };
		08AAFCAD25DBEABD00A90B2D /* OpenSansCondensed-Light.ttf in Resources */ = {isa = PBXBuildFile; fileRef = 08AAFCAA25DBEABD00A90B2D /* OpenSansCondensed-Light.ttf */; };
		08AAFCAE25DBEABD00A90B2D /* OpenSansCondensed-Light.ttf in Resources */ = {isa = PBXBuildFile; fileRef = 08AAFCAA25DBEABD00A90B2D /* OpenSansCondensed-Light.ttf */; };
		08AAFCAF25DBEABD00A90B2D /* OpenSansCondensed-Light.ttf in Resources */ = {isa = PBXBuildFile; fileRef = 08AAFCAA25DBEABD00A90B2D /* OpenSansCondensed-Light.ttf */; };
		08AAFCB025DBEABD00A90B2D /* OpenSansCondensed-LightItalic.ttf in Resources */ = {isa = PBXBuildFile; fileRef = 08AAFCAB25DBEABD00A90B2D /* OpenSansCondensed-LightItalic.ttf */; };
		08AAFCB125DBEABD00A90B2D /* OpenSansCondensed-LightItalic.ttf in Resources */ = {isa = PBXBuildFile; fileRef = 08AAFCAB25DBEABD00A90B2D /* OpenSansCondensed-LightItalic.ttf */; };
		08AAFCB225DBEABD00A90B2D /* OpenSansCondensed-LightItalic.ttf in Resources */ = {isa = PBXBuildFile; fileRef = 08AAFCAB25DBEABD00A90B2D /* OpenSansCondensed-LightItalic.ttf */; };
		08AAFCB325DBEABD00A90B2D /* OpenSansCondensed-Bold.ttf in Resources */ = {isa = PBXBuildFile; fileRef = 08AAFCAC25DBEABD00A90B2D /* OpenSansCondensed-Bold.ttf */; };
		08AAFCB425DBEABD00A90B2D /* OpenSansCondensed-Bold.ttf in Resources */ = {isa = PBXBuildFile; fileRef = 08AAFCAC25DBEABD00A90B2D /* OpenSansCondensed-Bold.ttf */; };
		08AAFCB525DBEABD00A90B2D /* OpenSansCondensed-Bold.ttf in Resources */ = {isa = PBXBuildFile; fileRef = 08AAFCAC25DBEABD00A90B2D /* OpenSansCondensed-Bold.ttf */; };
		08BEB66225DEB5C10052F23A /* CustomSideMenu.swift in Sources */ = {isa = PBXBuildFile; fileRef = 08BEB66125DEB5C10052F23A /* CustomSideMenu.swift */; };
		08BEB67E25DEC8010052F23A /* TableViewCell.swift in Sources */ = {isa = PBXBuildFile; fileRef = 08BEB67C25DEC8010052F23A /* TableViewCell.swift */; };
		08BEB67F25DEC8010052F23A /* TableViewCell.xib in Resources */ = {isa = PBXBuildFile; fileRef = 08BEB67D25DEC8010052F23A /* TableViewCell.xib */; };
		08BEB69125DEE9D00052F23A /* GoogleService-Info.plist in Resources */ = {isa = PBXBuildFile; fileRef = 08BEB69025DEE9D00052F23A /* GoogleService-Info.plist */; };
		08BEB6D225DF0D3A0052F23A /* QuoteModel.swift in Sources */ = {isa = PBXBuildFile; fileRef = 08BEB6D125DF0D3A0052F23A /* QuoteModel.swift */; };
		08BEB6F725DF269E0052F23A /* AboutViewController.swift in Sources */ = {isa = PBXBuildFile; fileRef = 08BEB6F625DF269E0052F23A /* AboutViewController.swift */; };
		08BEB6FC25DF26E60052F23A /* MoreAppsViewController.swift in Sources */ = {isa = PBXBuildFile; fileRef = 08BEB6FB25DF26E60052F23A /* MoreAppsViewController.swift */; };
		08D7BF9625E5FEE9009BCB09 /* Examples in Resources */ = {isa = PBXBuildFile; fileRef = 08D7BF9525E5FEE9009BCB09 /* Examples */; };
		08DA3D8325DBBD3D00EF4FB6 /* AppDelegate.swift in Sources */ = {isa = PBXBuildFile; fileRef = 08DA3D8225DBBD3D00EF4FB6 /* AppDelegate.swift */; };
		08DA3D8525DBBD3D00EF4FB6 /* SceneDelegate.swift in Sources */ = {isa = PBXBuildFile; fileRef = 08DA3D8425DBBD3D00EF4FB6 /* SceneDelegate.swift */; };
		08DA3D8725DBBD3D00EF4FB6 /* ViewController.swift in Sources */ = {isa = PBXBuildFile; fileRef = 08DA3D8625DBBD3D00EF4FB6 /* ViewController.swift */; };
		08DA3D8C25DBBD3E00EF4FB6 /* Assets.xcassets in Resources */ = {isa = PBXBuildFile; fileRef = 08DA3D8B25DBBD3E00EF4FB6 /* Assets.xcassets */; };
		08DA3D8F25DBBD3E00EF4FB6 /* LaunchScreen.storyboard in Resources */ = {isa = PBXBuildFile; fileRef = 08DA3D8D25DBBD3E00EF4FB6 /* LaunchScreen.storyboard */; };
		08DA3D9A25DBBD3E00EF4FB6 /* Great_WisdomTests.swift in Sources */ = {isa = PBXBuildFile; fileRef = 08DA3D9925DBBD3E00EF4FB6 /* Great_WisdomTests.swift */; };
		08DA3DA525DBBD3E00EF4FB6 /* Great_WisdomUITests.swift in Sources */ = {isa = PBXBuildFile; fileRef = 08DA3DA425DBBD3E00EF4FB6 /* Great_WisdomUITests.swift */; };
		FD4147F6C496B84E80C5381B /* Pods_Great_Wisdom.framework in Frameworks */ = {isa = PBXBuildFile; fileRef = C2C71889905B556930A66F66 /* Pods_Great_Wisdom.framework */; };
/* End PBXBuildFile section */

/* Begin PBXContainerItemProxy section */
		08DA3D9625DBBD3E00EF4FB6 /* PBXContainerItemProxy */ = {
			isa = PBXContainerItemProxy;
			containerPortal = 08DA3D7725DBBD3D00EF4FB6 /* Project object */;
			proxyType = 1;
			remoteGlobalIDString = 08DA3D7E25DBBD3D00EF4FB6;
			remoteInfo = "Great Wisdom";
		};
		08DA3DA125DBBD3E00EF4FB6 /* PBXContainerItemProxy */ = {
			isa = PBXContainerItemProxy;
			containerPortal = 08DA3D7725DBBD3D00EF4FB6 /* Project object */;
			proxyType = 1;
			remoteGlobalIDString = 08DA3D7E25DBBD3D00EF4FB6;
			remoteInfo = "Great Wisdom";
		};
/* End PBXContainerItemProxy section */

/* Begin PBXFileReference section */
		0822FE8725E00C98002E0C57 /* SearchViewController.swift */ = {isa = PBXFileReference; lastKnownFileType = sourcecode.swift; path = SearchViewController.swift; sourceTree = "<group>"; };
		08A228DA25E067D5008B4A64 /* en */ = {isa = PBXFileReference; lastKnownFileType = text.plist.strings; name = en; path = en.lproj/Localizable.strings; sourceTree = "<group>"; };
		08A228DF25E067F0008B4A64 /* tr */ = {isa = PBXFileReference; lastKnownFileType = text.plist.strings; name = tr; path = tr.lproj/Localizable.strings; sourceTree = "<group>"; };
		08A228E425E06947008B4A64 /* LocalizeMethod.swift */ = {isa = PBXFileReference; lastKnownFileType = sourcecode.swift; path = LocalizeMethod.swift; sourceTree = "<group>"; };
		08A228EC25E06B0E008B4A64 /* Constants.swift */ = {isa = PBXFileReference; lastKnownFileType = sourcecode.swift; path = Constants.swift; sourceTree = "<group>"; };
		08A2292625E07570008B4A64 /* Base */ = {isa = PBXFileReference; lastKnownFileType = file.storyboard; name = Base; path = Base.lproj/Main.storyboard; sourceTree = "<group>"; };
		08A2292825E075BC008B4A64 /* tr */ = {isa = PBXFileReference; lastKnownFileType = text.plist.strings; name = tr; path = tr.lproj/Main.strings; sourceTree = "<group>"; };
		08A2292A25E075EF008B4A64 /* en */ = {isa = PBXFileReference; lastKnownFileType = text.plist.strings; name = en; path = en.lproj/Main.strings; sourceTree = "<group>"; };
		08AAFCAA25DBEABD00A90B2D /* OpenSansCondensed-Light.ttf */ = {isa = PBXFileReference; lastKnownFileType = file; path = "OpenSansCondensed-Light.ttf"; sourceTree = "<group>"; };
		08AAFCAB25DBEABD00A90B2D /* OpenSansCondensed-LightItalic.ttf */ = {isa = PBXFileReference; lastKnownFileType = file; path = "OpenSansCondensed-LightItalic.ttf"; sourceTree = "<group>"; };
		08AAFCAC25DBEABD00A90B2D /* OpenSansCondensed-Bold.ttf */ = {isa = PBXFileReference; lastKnownFileType = file; path = "OpenSansCondensed-Bold.ttf"; sourceTree = "<group>"; };
		08BEB66125DEB5C10052F23A /* CustomSideMenu.swift */ = {isa = PBXFileReference; lastKnownFileType = sourcecode.swift; path = CustomSideMenu.swift; sourceTree = "<group>"; };
		08BEB67C25DEC8010052F23A /* TableViewCell.swift */ = {isa = PBXFileReference; lastKnownFileType = sourcecode.swift; path = TableViewCell.swift; sourceTree = "<group>"; };
		08BEB67D25DEC8010052F23A /* TableViewCell.xib */ = {isa = PBXFileReference; lastKnownFileType = file.xib; path = TableViewCell.xib; sourceTree = "<group>"; };
		08BEB69025DEE9D00052F23A /* GoogleService-Info.plist */ = {isa = PBXFileReference; fileEncoding = 4; lastKnownFileType = text.plist.xml; path = "GoogleService-Info.plist"; sourceTree = "<group>"; };
		08BEB6D125DF0D3A0052F23A /* QuoteModel.swift */ = {isa = PBXFileReference; lastKnownFileType = sourcecode.swift; path = QuoteModel.swift; sourceTree = "<group>"; };
		08BEB6F625DF269E0052F23A /* AboutViewController.swift */ = {isa = PBXFileReference; fileEncoding = 4; lastKnownFileType = sourcecode.swift; path = AboutViewController.swift; sourceTree = "<group>"; };
		08BEB6FB25DF26E60052F23A /* MoreAppsViewController.swift */ = {isa = PBXFileReference; lastKnownFileType = sourcecode.swift; path = MoreAppsViewController.swift; sourceTree = "<group>"; };
		08D7BF9525E5FEE9009BCB09 /* Examples */ = {isa = PBXFileReference; lastKnownFileType = folder; path = Examples; sourceTree = "<group>"; };
		08DA3D7F25DBBD3D00EF4FB6 /* Great Wisdom.app */ = {isa = PBXFileReference; explicitFileType = wrapper.application; includeInIndex = 0; path = "Great Wisdom.app"; sourceTree = BUILT_PRODUCTS_DIR; };
		08DA3D8225DBBD3D00EF4FB6 /* AppDelegate.swift */ = {isa = PBXFileReference; lastKnownFileType = sourcecode.swift; path = AppDelegate.swift; sourceTree = "<group>"; };
		08DA3D8425DBBD3D00EF4FB6 /* SceneDelegate.swift */ = {isa = PBXFileReference; lastKnownFileType = sourcecode.swift; path = SceneDelegate.swift; sourceTree = "<group>"; };
		08DA3D8625DBBD3D00EF4FB6 /* ViewController.swift */ = {isa = PBXFileReference; lastKnownFileType = sourcecode.swift; path = ViewController.swift; sourceTree = "<group>"; };
		08DA3D8B25DBBD3E00EF4FB6 /* Assets.xcassets */ = {isa = PBXFileReference; lastKnownFileType = folder.assetcatalog; path = Assets.xcassets; sourceTree = "<group>"; };
		08DA3D8E25DBBD3E00EF4FB6 /* Base */ = {isa = PBXFileReference; lastKnownFileType = file.storyboard; name = Base; path = Base.lproj/LaunchScreen.storyboard; sourceTree = "<group>"; };
		08DA3D9025DBBD3E00EF4FB6 /* Info.plist */ = {isa = PBXFileReference; lastKnownFileType = text.plist.xml; path = Info.plist; sourceTree = "<group>"; };
		08DA3D9525DBBD3E00EF4FB6 /* Great WisdomTests.xctest */ = {isa = PBXFileReference; explicitFileType = wrapper.cfbundle; includeInIndex = 0; path = "Great WisdomTests.xctest"; sourceTree = BUILT_PRODUCTS_DIR; };
		08DA3D9925DBBD3E00EF4FB6 /* Great_WisdomTests.swift */ = {isa = PBXFileReference; lastKnownFileType = sourcecode.swift; path = Great_WisdomTests.swift; sourceTree = "<group>"; };
		08DA3D9B25DBBD3E00EF4FB6 /* Info.plist */ = {isa = PBXFileReference; lastKnownFileType = text.plist.xml; path = Info.plist; sourceTree = "<group>"; };
		08DA3DA025DBBD3E00EF4FB6 /* Great WisdomUITests.xctest */ = {isa = PBXFileReference; explicitFileType = wrapper.cfbundle; includeInIndex = 0; path = "Great WisdomUITests.xctest"; sourceTree = BUILT_PRODUCTS_DIR; };
		08DA3DA425DBBD3E00EF4FB6 /* Great_WisdomUITests.swift */ = {isa = PBXFileReference; lastKnownFileType = sourcecode.swift; path = Great_WisdomUITests.swift; sourceTree = "<group>"; };
		08DA3DA625DBBD3E00EF4FB6 /* Info.plist */ = {isa = PBXFileReference; lastKnownFileType = text.plist.xml; path = Info.plist; sourceTree = "<group>"; };
		32DCC760A02C1FE30792043F /* Pods-Great Wisdom.debug.xcconfig */ = {isa = PBXFileReference; includeInIndex = 1; lastKnownFileType = text.xcconfig; name = "Pods-Great Wisdom.debug.xcconfig"; path = "Target Support Files/Pods-Great Wisdom/Pods-Great Wisdom.debug.xcconfig"; sourceTree = "<group>"; };
		4C9DE204C70C7706CA03A15E /* Pods-Great Wisdom.release.xcconfig */ = {isa = PBXFileReference; includeInIndex = 1; lastKnownFileType = text.xcconfig; name = "Pods-Great Wisdom.release.xcconfig"; path = "Target Support Files/Pods-Great Wisdom/Pods-Great Wisdom.release.xcconfig"; sourceTree = "<group>"; };
		C2C71889905B556930A66F66 /* Pods_Great_Wisdom.framework */ = {isa = PBXFileReference; explicitFileType = wrapper.framework; includeInIndex = 0; path = Pods_Great_Wisdom.framework; sourceTree = BUILT_PRODUCTS_DIR; };
/* End PBXFileReference section */

/* Begin PBXFrameworksBuildPhase section */
		08DA3D7C25DBBD3D00EF4FB6 /* Frameworks */ = {
			isa = PBXFrameworksBuildPhase;
			buildActionMask = 2147483647;
			files = (
				FD4147F6C496B84E80C5381B /* Pods_Great_Wisdom.framework in Frameworks */,
			);
			runOnlyForDeploymentPostprocessing = 0;
		};
		08DA3D9225DBBD3E00EF4FB6 /* Frameworks */ = {
			isa = PBXFrameworksBuildPhase;
			buildActionMask = 2147483647;
			files = (
			);
			runOnlyForDeploymentPostprocessing = 0;
		};
		08DA3D9D25DBBD3E00EF4FB6 /* Frameworks */ = {
			isa = PBXFrameworksBuildPhase;
			buildActionMask = 2147483647;
			files = (
			);
			runOnlyForDeploymentPostprocessing = 0;
		};
/* End PBXFrameworksBuildPhase section */

/* Begin PBXGroup section */
		089E9EFB25DD4F65009FCCCD /* Model */ = {
			isa = PBXGroup;
			children = (
				08BEB6D125DF0D3A0052F23A /* QuoteModel.swift */,
			);
			path = Model;
			sourceTree = "<group>";
		};
		089E9EFC25DD4F6D009FCCCD /* View */ = {
			isa = PBXGroup;
			children = (
				08A2292125E07540008B4A64 /* Main.storyboard */,
				08DA3D8D25DBBD3E00EF4FB6 /* LaunchScreen.storyboard */,
				08BEB67C25DEC8010052F23A /* TableViewCell.swift */,
				08BEB67D25DEC8010052F23A /* TableViewCell.xib */,
			);
			path = View;
			sourceTree = "<group>";
		};
		089E9EFD25DD4F73009FCCCD /* Controller */ = {
			isa = PBXGroup;
			children = (
				08BEB6FB25DF26E60052F23A /* MoreAppsViewController.swift */,
				08DA3D8625DBBD3D00EF4FB6 /* ViewController.swift */,
				08BEB66125DEB5C10052F23A /* CustomSideMenu.swift */,
				08BEB6F625DF269E0052F23A /* AboutViewController.swift */,
				0822FE8725E00C98002E0C57 /* SearchViewController.swift */,
			);
			path = Controller;
			sourceTree = "<group>";
		};
		08A228E325E0692D008B4A64 /* Localize */ = {
			isa = PBXGroup;
			children = (
				08A228DB25E067D5008B4A64 /* Localizable.strings */,
				08A228E425E06947008B4A64 /* LocalizeMethod.swift */,
			);
			path = Localize;
			sourceTree = "<group>";
		};
		08AAFCA625DBEA9800A90B2D /* fonts */ = {
			isa = PBXGroup;
			children = (
				08AAFCAC25DBEABD00A90B2D /* OpenSansCondensed-Bold.ttf */,
				08AAFCAA25DBEABD00A90B2D /* OpenSansCondensed-Light.ttf */,
				08AAFCAB25DBEABD00A90B2D /* OpenSansCondensed-LightItalic.ttf */,
			);
			path = fonts;
			sourceTree = "<group>";
		};
		08DA3D7625DBBD3D00EF4FB6 = {
			isa = PBXGroup;
			children = (
				08D7BF9525E5FEE9009BCB09 /* Examples */,
				08DA3D8125DBBD3D00EF4FB6 /* Great Wisdom */,
				08DA3D9825DBBD3E00EF4FB6 /* Great WisdomTests */,
				08DA3DA325DBBD3E00EF4FB6 /* Great WisdomUITests */,
				08DA3D8025DBBD3D00EF4FB6 /* Products */,
				42264264440DD6E0D8FED3DE /* Pods */,
				5B3405390C6C3BD80E71EBF6 /* Frameworks */,
			);
			sourceTree = "<group>";
		};
		08DA3D8025DBBD3D00EF4FB6 /* Products */ = {
			isa = PBXGroup;
			children = (
				08DA3D7F25DBBD3D00EF4FB6 /* Great Wisdom.app */,
				08DA3D9525DBBD3E00EF4FB6 /* Great WisdomTests.xctest */,
				08DA3DA025DBBD3E00EF4FB6 /* Great WisdomUITests.xctest */,
			);
			name = Products;
			sourceTree = "<group>";
		};
		08DA3D8125DBBD3D00EF4FB6 /* Great Wisdom */ = {
			isa = PBXGroup;
			children = (
				08A228E325E0692D008B4A64 /* Localize */,
				089E9EFD25DD4F73009FCCCD /* Controller */,
				089E9EFC25DD4F6D009FCCCD /* View */,
				089E9EFB25DD4F65009FCCCD /* Model */,
				08AAFCA625DBEA9800A90B2D /* fonts */,
				08DA3D8225DBBD3D00EF4FB6 /* AppDelegate.swift */,
				08DA3D8425DBBD3D00EF4FB6 /* SceneDelegate.swift */,
				08DA3D8B25DBBD3E00EF4FB6 /* Assets.xcassets */,
				08DA3D9025DBBD3E00EF4FB6 /* Info.plist */,
				08BEB69025DEE9D00052F23A /* GoogleService-Info.plist */,
				08A228EC25E06B0E008B4A64 /* Constants.swift */,
			);
			path = "Great Wisdom";
			sourceTree = "<group>";
		};
		08DA3D9825DBBD3E00EF4FB6 /* Great WisdomTests */ = {
			isa = PBXGroup;
			children = (
				08DA3D9925DBBD3E00EF4FB6 /* Great_WisdomTests.swift */,
				08DA3D9B25DBBD3E00EF4FB6 /* Info.plist */,
			);
			path = "Great WisdomTests";
			sourceTree = "<group>";
		};
		08DA3DA325DBBD3E00EF4FB6 /* Great WisdomUITests */ = {
			isa = PBXGroup;
			children = (
				08DA3DA425DBBD3E00EF4FB6 /* Great_WisdomUITests.swift */,
				08DA3DA625DBBD3E00EF4FB6 /* Info.plist */,
			);
			path = "Great WisdomUITests";
			sourceTree = "<group>";
		};
		42264264440DD6E0D8FED3DE /* Pods */ = {
			isa = PBXGroup;
			children = (
				32DCC760A02C1FE30792043F /* Pods-Great Wisdom.debug.xcconfig */,
				4C9DE204C70C7706CA03A15E /* Pods-Great Wisdom.release.xcconfig */,
			);
			path = Pods;
			sourceTree = "<group>";
		};
		5B3405390C6C3BD80E71EBF6 /* Frameworks */ = {
			isa = PBXGroup;
			children = (
				C2C71889905B556930A66F66 /* Pods_Great_Wisdom.framework */,
			);
			name = Frameworks;
			sourceTree = "<group>";
		};
/* End PBXGroup section */

/* Begin PBXNativeTarget section */
		08DA3D7E25DBBD3D00EF4FB6 /* Great Wisdom */ = {
			isa = PBXNativeTarget;
			buildConfigurationList = 08DA3DA925DBBD3E00EF4FB6 /* Build configuration list for PBXNativeTarget "Great Wisdom" */;
			buildPhases = (
				DE080D5F9E0109206207C7E8 /* [CP] Check Pods Manifest.lock */,
				08DA3D7B25DBBD3D00EF4FB6 /* Sources */,
				08DA3D7C25DBBD3D00EF4FB6 /* Frameworks */,
				08DA3D7D25DBBD3D00EF4FB6 /* Resources */,
				D774CDDAC33E72F71C660987 /* [CP] Embed Pods Frameworks */,
			);
			buildRules = (
			);
			dependencies = (
			);
			name = "Great Wisdom";
			productName = "Great Wisdom";
			productReference = 08DA3D7F25DBBD3D00EF4FB6 /* Great Wisdom.app */;
			productType = "com.apple.product-type.application";
		};
		08DA3D9425DBBD3E00EF4FB6 /* Great WisdomTests */ = {
			isa = PBXNativeTarget;
			buildConfigurationList = 08DA3DAC25DBBD3E00EF4FB6 /* Build configuration list for PBXNativeTarget "Great WisdomTests" */;
			buildPhases = (
				08DA3D9125DBBD3E00EF4FB6 /* Sources */,
				08DA3D9225DBBD3E00EF4FB6 /* Frameworks */,
				08DA3D9325DBBD3E00EF4FB6 /* Resources */,
			);
			buildRules = (
			);
			dependencies = (
				08DA3D9725DBBD3E00EF4FB6 /* PBXTargetDependency */,
			);
			name = "Great WisdomTests";
			productName = "Great WisdomTests";
			productReference = 08DA3D9525DBBD3E00EF4FB6 /* Great WisdomTests.xctest */;
			productType = "com.apple.product-type.bundle.unit-test";
		};
		08DA3D9F25DBBD3E00EF4FB6 /* Great WisdomUITests */ = {
			isa = PBXNativeTarget;
			buildConfigurationList = 08DA3DAF25DBBD3E00EF4FB6 /* Build configuration list for PBXNativeTarget "Great WisdomUITests" */;
			buildPhases = (
				08DA3D9C25DBBD3E00EF4FB6 /* Sources */,
				08DA3D9D25DBBD3E00EF4FB6 /* Frameworks */,
				08DA3D9E25DBBD3E00EF4FB6 /* Resources */,
			);
			buildRules = (
			);
			dependencies = (
				08DA3DA225DBBD3E00EF4FB6 /* PBXTargetDependency */,
			);
			name = "Great WisdomUITests";
			productName = "Great WisdomUITests";
			productReference = 08DA3DA025DBBD3E00EF4FB6 /* Great WisdomUITests.xctest */;
			productType = "com.apple.product-type.bundle.ui-testing";
		};
/* End PBXNativeTarget section */

/* Begin PBXProject section */
		08DA3D7725DBBD3D00EF4FB6 /* Project object */ = {
			isa = PBXProject;
			attributes = {
				LastSwiftUpdateCheck = 1240;
				LastUpgradeCheck = 1240;
				TargetAttributes = {
					08DA3D7E25DBBD3D00EF4FB6 = {
						CreatedOnToolsVersion = 12.4;
					};
					08DA3D9425DBBD3E00EF4FB6 = {
						CreatedOnToolsVersion = 12.4;
						TestTargetID = 08DA3D7E25DBBD3D00EF4FB6;
					};
					08DA3D9F25DBBD3E00EF4FB6 = {
						CreatedOnToolsVersion = 12.4;
						TestTargetID = 08DA3D7E25DBBD3D00EF4FB6;
					};
				};
			};
			buildConfigurationList = 08DA3D7A25DBBD3D00EF4FB6 /* Build configuration list for PBXProject "Great Wisdom" */;
			compatibilityVersion = "Xcode 12.0";
			developmentRegion = en;
			hasScannedForEncodings = 0;
			knownRegions = (
				en,
				Base,
				tr,
			);
			mainGroup = 08DA3D7625DBBD3D00EF4FB6;
			productRefGroup = 08DA3D8025DBBD3D00EF4FB6 /* Products */;
			projectDirPath = "";
			projectRoot = "";
			targets = (
				08DA3D7E25DBBD3D00EF4FB6 /* Great Wisdom */,
				08DA3D9425DBBD3E00EF4FB6 /* Great WisdomTests */,
				08DA3D9F25DBBD3E00EF4FB6 /* Great WisdomUITests */,
			);
		};
/* End PBXProject section */

/* Begin PBXResourcesBuildPhase section */
		08DA3D7D25DBBD3D00EF4FB6 /* Resources */ = {
			isa = PBXResourcesBuildPhase;
			buildActionMask = 2147483647;
			files = (
				08AAFCB025DBEABD00A90B2D /* OpenSansCondensed-LightItalic.ttf in Resources */,
				08BEB69125DEE9D00052F23A /* GoogleService-Info.plist in Resources */,
				08DA3D8F25DBBD3E00EF4FB6 /* LaunchScreen.storyboard in Resources */,
				08A228D925E067D5008B4A64 /* Localizable.strings in Resources */,
				08BEB67F25DEC8010052F23A /* TableViewCell.xib in Resources */,
				08AAFCB325DBEABD00A90B2D /* OpenSansCondensed-Bold.ttf in Resources */,
				08A2291F25E07540008B4A64 /* Main.storyboard in Resources */,
				08DA3D8C25DBBD3E00EF4FB6 /* Assets.xcassets in Resources */,
				08AAFCAD25DBEABD00A90B2D /* OpenSansCondensed-Light.ttf in Resources */,
				08D7BF9625E5FEE9009BCB09 /* Examples in Resources */,
			);
			runOnlyForDeploymentPostprocessing = 0;
		};
		08DA3D9325DBBD3E00EF4FB6 /* Resources */ = {
			isa = PBXResourcesBuildPhase;
			buildActionMask = 2147483647;
			files = (
				08AAFCB125DBEABD00A90B2D /* OpenSansCondensed-LightItalic.ttf in Resources */,
				08AAFCAE25DBEABD00A90B2D /* OpenSansCondensed-Light.ttf in Resources */,
				08AAFCB425DBEABD00A90B2D /* OpenSansCondensed-Bold.ttf in Resources */,
			);
			runOnlyForDeploymentPostprocessing = 0;
		};
		08DA3D9E25DBBD3E00EF4FB6 /* Resources */ = {
			isa = PBXResourcesBuildPhase;
			buildActionMask = 2147483647;
			files = (
				08AAFCB225DBEABD00A90B2D /* OpenSansCondensed-LightItalic.ttf in Resources */,
				08AAFCAF25DBEABD00A90B2D /* OpenSansCondensed-Light.ttf in Resources */,
				08AAFCB525DBEABD00A90B2D /* OpenSansCondensed-Bold.ttf in Resources */,
			);
			runOnlyForDeploymentPostprocessing = 0;
		};
/* End PBXResourcesBuildPhase section */

/* Begin PBXShellScriptBuildPhase section */
		D774CDDAC33E72F71C660987 /* [CP] Embed Pods Frameworks */ = {
			isa = PBXShellScriptBuildPhase;
			buildActionMask = 2147483647;
			files = (
			);
			inputFileListPaths = (
				"${PODS_ROOT}/Target Support Files/Pods-Great Wisdom/Pods-Great Wisdom-frameworks-${CONFIGURATION}-input-files.xcfilelist",
			);
			name = "[CP] Embed Pods Frameworks";
			outputFileListPaths = (
				"${PODS_ROOT}/Target Support Files/Pods-Great Wisdom/Pods-Great Wisdom-frameworks-${CONFIGURATION}-output-files.xcfilelist",
			);
			runOnlyForDeploymentPostprocessing = 0;
			shellPath = /bin/sh;
			shellScript = "\"${PODS_ROOT}/Target Support Files/Pods-Great Wisdom/Pods-Great Wisdom-frameworks.sh\"\n";
			showEnvVarsInLog = 0;
		};
		DE080D5F9E0109206207C7E8 /* [CP] Check Pods Manifest.lock */ = {
			isa = PBXShellScriptBuildPhase;
			buildActionMask = 2147483647;
			files = (
			);
			inputFileListPaths = (
			);
			inputPaths = (
				"${PODS_PODFILE_DIR_PATH}/Podfile.lock",
				"${PODS_ROOT}/Manifest.lock",
			);
			name = "[CP] Check Pods Manifest.lock";
			outputFileListPaths = (
			);
			outputPaths = (
				"$(DERIVED_FILE_DIR)/Pods-Great Wisdom-checkManifestLockResult.txt",
			);
			runOnlyForDeploymentPostprocessing = 0;
			shellPath = /bin/sh;
			shellScript = "diff \"${PODS_PODFILE_DIR_PATH}/Podfile.lock\" \"${PODS_ROOT}/Manifest.lock\" > /dev/null\nif [ $? != 0 ] ; then\n    # print error to STDERR\n    echo \"error: The sandbox is not in sync with the Podfile.lock. Run 'pod install' or update your CocoaPods installation.\" >&2\n    exit 1\nfi\n# This output is used by Xcode 'outputs' to avoid re-running this script phase.\necho \"SUCCESS\" > \"${SCRIPT_OUTPUT_FILE_0}\"\n";
			showEnvVarsInLog = 0;
		};
/* End PBXShellScriptBuildPhase section */

/* Begin PBXSourcesBuildPhase section */
		08DA3D7B25DBBD3D00EF4FB6 /* Sources */ = {
			isa = PBXSourcesBuildPhase;
			buildActionMask = 2147483647;
			files = (
				08BEB67E25DEC8010052F23A /* TableViewCell.swift in Sources */,
				08DA3D8725DBBD3D00EF4FB6 /* ViewController.swift in Sources */,
				08BEB66225DEB5C10052F23A /* CustomSideMenu.swift in Sources */,
				0822FE8825E00C98002E0C57 /* SearchViewController.swift in Sources */,
				08A228ED25E06B0E008B4A64 /* Constants.swift in Sources */,
				08BEB6F725DF269E0052F23A /* AboutViewController.swift in Sources */,
				08A228E525E06947008B4A64 /* LocalizeMethod.swift in Sources */,
				08DA3D8325DBBD3D00EF4FB6 /* AppDelegate.swift in Sources */,
				08BEB6FC25DF26E60052F23A /* MoreAppsViewController.swift in Sources */,
				08DA3D8525DBBD3D00EF4FB6 /* SceneDelegate.swift in Sources */,
				08BEB6D225DF0D3A0052F23A /* QuoteModel.swift in Sources */,
			);
			runOnlyForDeploymentPostprocessing = 0;
		};
		08DA3D9125DBBD3E00EF4FB6 /* Sources */ = {
			isa = PBXSourcesBuildPhase;
			buildActionMask = 2147483647;
			files = (
				08DA3D9A25DBBD3E00EF4FB6 /* Great_WisdomTests.swift in Sources */,
			);
			runOnlyForDeploymentPostprocessing = 0;
		};
		08DA3D9C25DBBD3E00EF4FB6 /* Sources */ = {
			isa = PBXSourcesBuildPhase;
			buildActionMask = 2147483647;
			files = (
				08DA3DA525DBBD3E00EF4FB6 /* Great_WisdomUITests.swift in Sources */,
			);
			runOnlyForDeploymentPostprocessing = 0;
		};
/* End PBXSourcesBuildPhase section */

/* Begin PBXTargetDependency section */
		08DA3D9725DBBD3E00EF4FB6 /* PBXTargetDependency */ = {
			isa = PBXTargetDependency;
			target = 08DA3D7E25DBBD3D00EF4FB6 /* Great Wisdom */;
			targetProxy = 08DA3D9625DBBD3E00EF4FB6 /* PBXContainerItemProxy */;
		};
		08DA3DA225DBBD3E00EF4FB6 /* PBXTargetDependency */ = {
			isa = PBXTargetDependency;
			target = 08DA3D7E25DBBD3D00EF4FB6 /* Great Wisdom */;
			targetProxy = 08DA3DA125DBBD3E00EF4FB6 /* PBXContainerItemProxy */;
		};
/* End PBXTargetDependency section */

/* Begin PBXVariantGroup section */
		08A228DB25E067D5008B4A64 /* Localizable.strings */ = {
			isa = PBXVariantGroup;
			children = (
				08A228DA25E067D5008B4A64 /* en */,
				08A228DF25E067F0008B4A64 /* tr */,
			);
			name = Localizable.strings;
			sourceTree = "<group>";
		};
		08A2292125E07540008B4A64 /* Main.storyboard */ = {
			isa = PBXVariantGroup;
			children = (
				08A2292625E07570008B4A64 /* Base */,
				08A2292825E075BC008B4A64 /* tr */,
				08A2292A25E075EF008B4A64 /* en */,
			);
			name = Main.storyboard;
			sourceTree = "<group>";
		};
		08DA3D8D25DBBD3E00EF4FB6 /* LaunchScreen.storyboard */ = {
			isa = PBXVariantGroup;
			children = (
				08DA3D8E25DBBD3E00EF4FB6 /* Base */,
			);
			name = LaunchScreen.storyboard;
			sourceTree = "<group>";
		};
/* End PBXVariantGroup section */

/* Begin XCBuildConfiguration section */
		08DA3DA725DBBD3E00EF4FB6 /* Debug */ = {
			isa = XCBuildConfiguration;
			buildSettings = {
				ALWAYS_SEARCH_USER_PATHS = NO;
				CLANG_ANALYZER_LOCALIZABILITY_NONLOCALIZED = YES;
				CLANG_ANALYZER_NONNULL = YES;
				CLANG_ANALYZER_NUMBER_OBJECT_CONVERSION = YES_AGGRESSIVE;
				CLANG_CXX_LANGUAGE_STANDARD = "gnu++14";
				CLANG_CXX_LIBRARY = "libc++";
				CLANG_ENABLE_MODULES = YES;
				CLANG_ENABLE_OBJC_ARC = YES;
				CLANG_ENABLE_OBJC_WEAK = YES;
				CLANG_WARN_BLOCK_CAPTURE_AUTORELEASING = YES;
				CLANG_WARN_BOOL_CONVERSION = YES;
				CLANG_WARN_COMMA = YES;
				CLANG_WARN_CONSTANT_CONVERSION = YES;
				CLANG_WARN_DEPRECATED_OBJC_IMPLEMENTATIONS = YES;
				CLANG_WARN_DIRECT_OBJC_ISA_USAGE = YES_ERROR;
				CLANG_WARN_DOCUMENTATION_COMMENTS = YES;
				CLANG_WARN_EMPTY_BODY = YES;
				CLANG_WARN_ENUM_CONVERSION = YES;
				CLANG_WARN_INFINITE_RECURSION = YES;
				CLANG_WARN_INT_CONVERSION = YES;
				CLANG_WARN_NON_LITERAL_NULL_CONVERSION = YES;
				CLANG_WARN_OBJC_IMPLICIT_RETAIN_SELF = YES;
				CLANG_WARN_OBJC_LITERAL_CONVERSION = YES;
				CLANG_WARN_OBJC_ROOT_CLASS = YES_ERROR;
				CLANG_WARN_QUOTED_INCLUDE_IN_FRAMEWORK_HEADER = YES;
				CLANG_WARN_RANGE_LOOP_ANALYSIS = YES;
				CLANG_WARN_STRICT_PROTOTYPES = YES;
				CLANG_WARN_SUSPICIOUS_MOVE = YES;
				CLANG_WARN_UNGUARDED_AVAILABILITY = YES_AGGRESSIVE;
				CLANG_WARN_UNREACHABLE_CODE = YES;
				CLANG_WARN__DUPLICATE_METHOD_MATCH = YES;
				COPY_PHASE_STRIP = NO;
				DEBUG_INFORMATION_FORMAT = dwarf;
				ENABLE_STRICT_OBJC_MSGSEND = YES;
				ENABLE_TESTABILITY = YES;
				GCC_C_LANGUAGE_STANDARD = gnu11;
				GCC_DYNAMIC_NO_PIC = NO;
				GCC_NO_COMMON_BLOCKS = YES;
				GCC_OPTIMIZATION_LEVEL = 0;
				GCC_PREPROCESSOR_DEFINITIONS = (
					"DEBUG=1",
					"$(inherited)",
				);
				GCC_WARN_64_TO_32_BIT_CONVERSION = YES;
				GCC_WARN_ABOUT_RETURN_TYPE = YES_ERROR;
				GCC_WARN_UNDECLARED_SELECTOR = YES;
				GCC_WARN_UNINITIALIZED_AUTOS = YES_AGGRESSIVE;
				GCC_WARN_UNUSED_FUNCTION = YES;
				GCC_WARN_UNUSED_VARIABLE = YES;
				IPHONEOS_DEPLOYMENT_TARGET = 14.4;
				MTL_ENABLE_DEBUG_INFO = INCLUDE_SOURCE;
				MTL_FAST_MATH = YES;
				ONLY_ACTIVE_ARCH = YES;
				SDKROOT = iphoneos;
				SWIFT_ACTIVE_COMPILATION_CONDITIONS = DEBUG;
				SWIFT_OPTIMIZATION_LEVEL = "-Onone";
			};
			name = Debug;
		};
		08DA3DA825DBBD3E00EF4FB6 /* Release */ = {
			isa = XCBuildConfiguration;
			buildSettings = {
				ALWAYS_SEARCH_USER_PATHS = NO;
				CLANG_ANALYZER_LOCALIZABILITY_NONLOCALIZED = YES;
				CLANG_ANALYZER_NONNULL = YES;
				CLANG_ANALYZER_NUMBER_OBJECT_CONVERSION = YES_AGGRESSIVE;
				CLANG_CXX_LANGUAGE_STANDARD = "gnu++14";
				CLANG_CXX_LIBRARY = "libc++";
				CLANG_ENABLE_MODULES = YES;
				CLANG_ENABLE_OBJC_ARC = YES;
				CLANG_ENABLE_OBJC_WEAK = YES;
				CLANG_WARN_BLOCK_CAPTURE_AUTORELEASING = YES;
				CLANG_WARN_BOOL_CONVERSION = YES;
				CLANG_WARN_COMMA = YES;
				CLANG_WARN_CONSTANT_CONVERSION = YES;
				CLANG_WARN_DEPRECATED_OBJC_IMPLEMENTATIONS = YES;
				CLANG_WARN_DIRECT_OBJC_ISA_USAGE = YES_ERROR;
				CLANG_WARN_DOCUMENTATION_COMMENTS = YES;
				CLANG_WARN_EMPTY_BODY = YES;
				CLANG_WARN_ENUM_CONVERSION = YES;
				CLANG_WARN_INFINITE_RECURSION = YES;
				CLANG_WARN_INT_CONVERSION = YES;
				CLANG_WARN_NON_LITERAL_NULL_CONVERSION = YES;
				CLANG_WARN_OBJC_IMPLICIT_RETAIN_SELF = YES;
				CLANG_WARN_OBJC_LITERAL_CONVERSION = YES;
				CLANG_WARN_OBJC_ROOT_CLASS = YES_ERROR;
				CLANG_WARN_QUOTED_INCLUDE_IN_FRAMEWORK_HEADER = YES;
				CLANG_WARN_RANGE_LOOP_ANALYSIS = YES;
				CLANG_WARN_STRICT_PROTOTYPES = YES;
				CLANG_WARN_SUSPICIOUS_MOVE = YES;
				CLANG_WARN_UNGUARDED_AVAILABILITY = YES_AGGRESSIVE;
				CLANG_WARN_UNREACHABLE_CODE = YES;
				CLANG_WARN__DUPLICATE_METHOD_MATCH = YES;
				COPY_PHASE_STRIP = NO;
				DEBUG_INFORMATION_FORMAT = "dwarf-with-dsym";
				ENABLE_NS_ASSERTIONS = NO;
				ENABLE_STRICT_OBJC_MSGSEND = YES;
				GCC_C_LANGUAGE_STANDARD = gnu11;
				GCC_NO_COMMON_BLOCKS = YES;
				GCC_WARN_64_TO_32_BIT_CONVERSION = YES;
				GCC_WARN_ABOUT_RETURN_TYPE = YES_ERROR;
				GCC_WARN_UNDECLARED_SELECTOR = YES;
				GCC_WARN_UNINITIALIZED_AUTOS = YES_AGGRESSIVE;
				GCC_WARN_UNUSED_FUNCTION = YES;
				GCC_WARN_UNUSED_VARIABLE = YES;
				IPHONEOS_DEPLOYMENT_TARGET = 14.4;
				MTL_ENABLE_DEBUG_INFO = NO;
				MTL_FAST_MATH = YES;
				SDKROOT = iphoneos;
				SWIFT_COMPILATION_MODE = wholemodule;
				SWIFT_OPTIMIZATION_LEVEL = "-O";
				VALIDATE_PRODUCT = YES;
			};
			name = Release;
		};
		08DA3DAA25DBBD3E00EF4FB6 /* Debug */ = {
			isa = XCBuildConfiguration;
			baseConfigurationReference = 32DCC760A02C1FE30792043F /* Pods-Great Wisdom.debug.xcconfig */;
			buildSettings = {
				ASSETCATALOG_COMPILER_APPICON_NAME = AppIcon;
				ASSETCATALOG_COMPILER_GLOBAL_ACCENT_COLOR_NAME = AccentColor;
				CODE_SIGN_STYLE = Automatic;
				INFOPLIST_FILE = "Great Wisdom/Info.plist";
				LD_RUNPATH_SEARCH_PATHS = (
					"$(inherited)",
					"@executable_path/Frameworks",
				);
				PRODUCT_BUNDLE_IDENTIFIER = "com.acs.Great-Wisdom";
				PRODUCT_NAME = "$(TARGET_NAME)";
				SWIFT_VERSION = 5.0;
				TARGETED_DEVICE_FAMILY = "1,2";
			};
			name = Debug;
		};
		08DA3DAB25DBBD3E00EF4FB6 /* Release */ = {
			isa = XCBuildConfiguration;
			baseConfigurationReference = 4C9DE204C70C7706CA03A15E /* Pods-Great Wisdom.release.xcconfig */;
			buildSettings = {
				ASSETCATALOG_COMPILER_APPICON_NAME = AppIcon;
				ASSETCATALOG_COMPILER_GLOBAL_ACCENT_COLOR_NAME = AccentColor;
				CODE_SIGN_STYLE = Automatic;
				INFOPLIST_FILE = "Great Wisdom/Info.plist";
				LD_RUNPATH_SEARCH_PATHS = (
					"$(inherited)",
					"@executable_path/Frameworks",
				);
				PRODUCT_BUNDLE_IDENTIFIER = "com.acs.Great-Wisdom";
				PRODUCT_NAME = "$(TARGET_NAME)";
				SWIFT_VERSION = 5.0;
				TARGETED_DEVICE_FAMILY = "1,2";
			};
			name = Release;
		};
		08DA3DAD25DBBD3E00EF4FB6 /* Debug */ = {
			isa = XCBuildConfiguration;
			buildSettings = {
				ALWAYS_EMBED_SWIFT_STANDARD_LIBRARIES = YES;
				BUNDLE_LOADER = "$(TEST_HOST)";
				CODE_SIGN_STYLE = Automatic;
				INFOPLIST_FILE = "Great WisdomTests/Info.plist";
				IPHONEOS_DEPLOYMENT_TARGET = 14.4;
				LD_RUNPATH_SEARCH_PATHS = (
					"$(inherited)",
					"@executable_path/Frameworks",
					"@loader_path/Frameworks",
				);
				PRODUCT_BUNDLE_IDENTIFIER = "com.acs.Great-WisdomTests";
				PRODUCT_NAME = "$(TARGET_NAME)";
				SWIFT_VERSION = 5.0;
				TARGETED_DEVICE_FAMILY = "1,2";
				TEST_HOST = "$(BUILT_PRODUCTS_DIR)/Great Wisdom.app/Great Wisdom";
			};
			name = Debug;
		};
		08DA3DAE25DBBD3E00EF4FB6 /* Release */ = {
			isa = XCBuildConfiguration;
			buildSettings = {
				ALWAYS_EMBED_SWIFT_STANDARD_LIBRARIES = YES;
				BUNDLE_LOADER = "$(TEST_HOST)";
				CODE_SIGN_STYLE = Automatic;
				INFOPLIST_FILE = "Great WisdomTests/Info.plist";
				IPHONEOS_DEPLOYMENT_TARGET = 14.4;
				LD_RUNPATH_SEARCH_PATHS = (
					"$(inherited)",
					"@executable_path/Frameworks",
					"@loader_path/Frameworks",
				);
				PRODUCT_BUNDLE_IDENTIFIER = "com.acs.Great-WisdomTests";
				PRODUCT_NAME = "$(TARGET_NAME)";
				SWIFT_VERSION = 5.0;
				TARGETED_DEVICE_FAMILY = "1,2";
				TEST_HOST = "$(BUILT_PRODUCTS_DIR)/Great Wisdom.app/Great Wisdom";
			};
			name = Release;
		};
		08DA3DB025DBBD3E00EF4FB6 /* Debug */ = {
			isa = XCBuildConfiguration;
			buildSettings = {
				ALWAYS_EMBED_SWIFT_STANDARD_LIBRARIES = YES;
				CODE_SIGN_STYLE = Automatic;
				INFOPLIST_FILE = "Great WisdomUITests/Info.plist";
				LD_RUNPATH_SEARCH_PATHS = (
					"$(inherited)",
					"@executable_path/Frameworks",
					"@loader_path/Frameworks",
				);
				PRODUCT_BUNDLE_IDENTIFIER = "com.acs.Great-WisdomUITests";
				PRODUCT_NAME = "$(TARGET_NAME)";
				SWIFT_VERSION = 5.0;
				TARGETED_DEVICE_FAMILY = "1,2";
				TEST_TARGET_NAME = "Great Wisdom";
			};
			name = Debug;
		};
		08DA3DB125DBBD3E00EF4FB6 /* Release */ = {
			isa = XCBuildConfiguration;
			buildSettings = {
				ALWAYS_EMBED_SWIFT_STANDARD_LIBRARIES = YES;
				CODE_SIGN_STYLE = Automatic;
				INFOPLIST_FILE = "Great WisdomUITests/Info.plist";
				LD_RUNPATH_SEARCH_PATHS = (
					"$(inherited)",
					"@executable_path/Frameworks",
					"@loader_path/Frameworks",
				);
				PRODUCT_BUNDLE_IDENTIFIER = "com.acs.Great-WisdomUITests";
				PRODUCT_NAME = "$(TARGET_NAME)";
				SWIFT_VERSION = 5.0;
				TARGETED_DEVICE_FAMILY = "1,2";
				TEST_TARGET_NAME = "Great Wisdom";
			};
			name = Release;
		};
/* End XCBuildConfiguration section */

/* Begin XCConfigurationList section */
		08DA3D7A25DBBD3D00EF4FB6 /* Build configuration list for PBXProject "Great Wisdom" */ = {
			isa = XCConfigurationList;
			buildConfigurations = (
				08DA3DA725DBBD3E00EF4FB6 /* Debug */,
				08DA3DA825DBBD3E00EF4FB6 /* Release */,
			);
			defaultConfigurationIsVisible = 0;
			defaultConfigurationName = Release;
		};
		08DA3DA925DBBD3E00EF4FB6 /* Build configuration list for PBXNativeTarget "Great Wisdom" */ = {
			isa = XCConfigurationList;
			buildConfigurations = (
				08DA3DAA25DBBD3E00EF4FB6 /* Debug */,
				08DA3DAB25DBBD3E00EF4FB6 /* Release */,
			);
			defaultConfigurationIsVisible = 0;
			defaultConfigurationName = Release;
		};
		08DA3DAC25DBBD3E00EF4FB6 /* Build configuration list for PBXNativeTarget "Great WisdomTests" */ = {
			isa = XCConfigurationList;
			buildConfigurations = (
				08DA3DAD25DBBD3E00EF4FB6 /* Debug */,
				08DA3DAE25DBBD3E00EF4FB6 /* Release */,
			);
			defaultConfigurationIsVisible = 0;
			defaultConfigurationName = Release;
		};
		08DA3DAF25DBBD3E00EF4FB6 /* Build configuration list for PBXNativeTarget "Great WisdomUITests" */ = {
			isa = XCConfigurationList;
			buildConfigurations = (
				08DA3DB025DBBD3E00EF4FB6 /* Debug */,
				08DA3DB125DBBD3E00EF4FB6 /* Release */,
			);
			defaultConfigurationIsVisible = 0;
			defaultConfigurationName = Release;
		};
/* End XCConfigurationList section */
	};
	rootObject = 08DA3D7725DBBD3D00EF4FB6 /* Project object */;
}
